
Microsoft Visual Studio Solution File, Format Version 12.00
# Visual Studio 15
VisualStudioVersion = 15.0.27130.2027
MinimumVisualStudioVersion = 10.0.40219.1
Project("{FAE04EC0-301F-11D3-BF4B-00C04F79EFBC}") = "Lands.Android", "Lands\Lands.Android\Lands.Android.csproj", "{232FDC54-F2D4-488A-B38E-B61A08A5A318}"
EndProject
Project("{FAE04EC0-301F-11D3-BF4B-00C04F79EFBC}") = "Lands.iOS", "Lands\Lands.iOS\Lands.iOS.csproj", "{0BAE89F3-9731-46AE-A99B-1CAFED8A2D3C}"
EndProject
Project("{FAE04EC0-301F-11D3-BF4B-00C04F79EFBC}") = "Lands", "Lands\Lands\Lands.csproj", "{403B47AF-0FAA-4DFC-8DEF-5EAEE2F14E3F}"
EndProject
Global
	GlobalSection(SolutionConfigurationPlatforms) = preSolution
		Ad-Hoc|Any CPU = Ad-Hoc|Any CPU
		Ad-Hoc|iPhone = Ad-Hoc|iPhone
		Ad-Hoc|iPhoneSimulator = Ad-Hoc|iPhoneSimulator
		AppStore|Any CPU = AppStore|Any CPU
		AppStore|iPhone = AppStore|iPhone
		AppStore|iPhoneSimulator = AppStore|iPhoneSimulator
		Debug|Any CPU = Debug|Any CPU
		Debug|iPhone = Debug|iPhone
		Debug|iPhoneSimulator = Debug|iPhoneSimulator
		Release|Any CPU = Release|Any CPU
		Release|iPhone = Release|iPhone
		Release|iPhoneSimulator = Release|iPhoneSimulator
	EndGlobalSection
	GlobalSection(ProjectConfigurationPlatforms) = postSolution
		{232FDC54-F2D4-488A-B38E-B61A08A5A318}.Ad-Hoc|Any CPU.ActiveCfg = Release|Any CPU
		{232FDC54-F2D4-488A-B38E-B61A08A5A318}.Ad-Hoc|Any CPU.Build.0 = Release|Any CPU
		{232FDC54-F2D4-488A-B38E-B61A08A5A318}.Ad-Hoc|Any CPU.Deploy.0 = Release|Any CPU
		{232FDC54-F2D4-488A-B38E-B61A08A5A318}.Ad-Hoc|iPhone.ActiveCfg = Release|Any CPU
		{232FDC54-F2D4-488A-B38E-B61A08A5A318}.Ad-Hoc|iPhone.Build.0 = Release|Any CPU
		{232FDC54-F2D4-488A-B38E-B61A08A5A318}.Ad-Hoc|iPhone.Deploy.0 = Release|Any CPU
		{232FDC54-F2D4-488A-B38E-B61A08A5A318}.Ad-Hoc|iPhoneSimulator.ActiveCfg = Release|Any CPU
		{232FDC54-F2D4-488A-B38E-B61A08A5A318}.Ad-Hoc|iPhoneSimulator.Build.0 = Release|Any CPU
		{232FDC54-F2D4-488A-B38E-B61A08A5A318}.Ad-Hoc|iPhoneSimulator.Deploy.0 = Release|Any CPU
		{232FDC54-F2D4-488A-B38E-B61A08A5A318}.AppStore|Any CPU.ActiveCfg = Release|Any CPU
		{232FDC54-F2D4-488A-B38E-B61A08A5A318}.AppStore|Any CPU.Build.0 = Release|Any CPU
		{232FDC54-F2D4-488A-B38E-B61A08A5A318}.AppStore|Any CPU.Deploy.0 = Release|Any CPU
		{232FDC54-F2D4-488A-B38E-B61A08A5A318}.AppStore|iPhone.ActiveCfg = Release|Any CPU
		{232FDC54-F2D4-488A-B38E-B61A08A5A318}.AppStore|iPhone.Build.0 = Release|Any CPU
		{232FDC54-F2D4-488A-B38E-B61A08A5A318}.AppStore|iPhone.Deploy.0 = Release|Any CPU
		{232FDC54-F2D4-488A-B38E-B61A08A5A318}.AppStore|iPhoneSimulator.ActiveCfg = Release|Any CPU
		{232FDC54-F2D4-488A-B38E-B61A08A5A318}.AppStore|iPhoneSimulator.Build.0 = Release|Any CPU
		{232FDC54-F2D4-488A-B38E-B61A08A5A318}.AppStore|iPhoneSimulator.Deploy.0 = Release|Any CPU
		{232FDC54-F2D4-488A-B38E-B61A08A5A318}.Debug|Any CPU.ActiveCfg = Debug|Any CPU
		{232FDC54-F2D4-488A-B38E-B61A08A5A318}.Debug|Any CPU.Build.0 = Debug|Any CPU
		{232FDC54-F2D4-488A-B38E-B61A08A5A318}.Debug|Any CPU.Deploy.0 = Debug|Any CPU
		{232FDC54-F2D4-488A-B38E-B61A08A5A318}.Debug|iPhone.ActiveCfg = Debug|Any CPU
		{232FDC54-F2D4-488A-B38E-B61A08A5A318}.Debug|iPhone.Build.0 = Debug|Any CPU
		{232FDC54-F2D4-488A-B38E-B61A08A5A318}.Debug|iPhone.Deploy.0 = Debug|Any CPU
		{232FDC54-F2D4-488A-B38E-B61A08A5A318}.Debug|iPhoneSimulator.ActiveCfg = Debug|Any CPU
		{232FDC54-F2D4-488A-B38E-B61A08A5A318}.Debug|iPhoneSimulator.Build.0 = Debug|Any CPU
		{232FDC54-F2D4-488A-B38E-B61A08A5A318}.Debug|iPhoneSimulator.Deploy.0 = Debug|Any CPU
		{232FDC54-F2D4-488A-B38E-B61A08A5A318}.Release|Any CPU.ActiveCfg = Release|Any CPU
		{232FDC54-F2D4-488A-B38E-B61A08A5A318}.Release|Any CPU.Build.0 = Release|Any CPU
		{232FDC54-F2D4-488A-B38E-B61A08A5A318}.Release|Any CPU.Deploy.0 = Release|Any CPU
		{232FDC54-F2D4-488A-B38E-B61A08A5A318}.Release|iPhone.ActiveCfg = Release|Any CPU
		{232FDC54-F2D4-488A-B38E-B61A08A5A318}.Release|iPhone.Build.0 = Release|Any CPU
		{232FDC54-F2D4-488A-B38E-B61A08A5A318}.Release|iPhone.Deploy.0 = Release|Any CPU
		{232FDC54-F2D4-488A-B38E-B61A08A5A318}.Release|iPhoneSimulator.ActiveCfg = Release|Any CPU
		{232FDC54-F2D4-488A-B38E-B61A08A5A318}.Release|iPhoneSimulator.Build.0 = Release|Any CPU
		{232FDC54-F2D4-488A-B38E-B61A08A5A318}.Release|iPhoneSimulator.Deploy.0 = Release|Any CPU
		{0BAE89F3-9731-46AE-A99B-1CAFED8A2D3C}.Ad-Hoc|Any CPU.ActiveCfg = Ad-Hoc|iPhone
		{0BAE89F3-9731-46AE-A99B-1CAFED8A2D3C}.Ad-Hoc|iPhone.ActiveCfg = Ad-Hoc|iPhone
		{0BAE89F3-9731-46AE-A99B-1CAFED8A2D3C}.Ad-Hoc|iPhone.Build.0 = Ad-Hoc|iPhone
		{0BAE89F3-9731-46AE-A99B-1CAFED8A2D3C}.Ad-Hoc|iPhoneSimulator.ActiveCfg = Ad-Hoc|iPhoneSimulator
		{0BAE89F3-9731-46AE-A99B-1CAFED8A2D3C}.Ad-Hoc|iPhoneSimulator.Build.0 = Ad-Hoc|iPhoneSimulator
		{0BAE89F3-9731-46AE-A99B-1CAFED8A2D3C}.AppStore|Any CPU.ActiveCfg = AppStore|iPhone
		{0BAE89F3-9731-46AE-A99B-1CAFED8A2D3C}.AppStore|iPhone.ActiveCfg = AppStore|iPhone
		{0BAE89F3-9731-46AE-A99B-1CAFED8A2D3C}.AppStore|iPhone.Build.0 = AppStore|iPhone
		{0BAE89F3-9731-46AE-A99B-1CAFED8A2D3C}.AppStore|iPhoneSimulator.ActiveCfg = AppStore|iPhoneSimulator
		{0BAE89F3-9731-46AE-A99B-1CAFED8A2D3C}.AppStore|iPhoneSimulator.Build.0 = AppStore|iPhoneSimulator
		{0BAE89F3-9731-46AE-A99B-1CAFED8A2D3C}.Debug|Any CPU.ActiveCfg = Debug|iPhone
		{0BAE89F3-9731-46AE-A99B-1CAFED8A2D3C}.Debug|iPhone.ActiveCfg = Debug|iPhone
		{0BAE89F3-9731-46AE-A99B-1CAFED8A2D3C}.Debug|iPhone.Build.0 = Debug|iPhone
		{0BAE89F3-9731-46AE-A99B-1CAFED8A2D3C}.Debug|iPhoneSimulator.ActiveCfg = Debug|iPhoneSimulator
		{0BAE89F3-9731-46AE-A99B-1CAFED8A2D3C}.Debug|iPhoneSimulator.Build.0 = Debug|iPhoneSimulator
		{0BAE89F3-9731-46AE-A99B-1CAFED8A2D3C}.Release|Any CPU.ActiveCfg = Release|iPhone
		{0BAE89F3-9731-46AE-A99B-1CAFED8A2D3C}.Release|iPhone.ActiveCfg = Release|iPhone
		{0BAE89F3-9731-46AE-A99B-1CAFED8A2D3C}.Release|iPhone.Build.0 = Release|iPhone
		{0BAE89F3-9731-46AE-A99B-1CAFED8A2D3C}.Release|iPhoneSimulator.ActiveCfg = Release|iPhoneSimulator
		{0BAE89F3-9731-46AE-A99B-1CAFED8A2D3C}.Release|iPhoneSimulator.Build.0 = Release|iPhoneSimulator
		{403B47AF-0FAA-4DFC-8DEF-5EAEE2F14E3F}.Ad-Hoc|Any CPU.ActiveCfg = Debug|Any CPU
		{403B47AF-0FAA-4DFC-8DEF-5EAEE2F14E3F}.Ad-Hoc|Any CPU.Build.0 = Debug|Any CPU
		{403B47AF-0FAA-4DFC-8DEF-5EAEE2F14E3F}.Ad-Hoc|iPhone.ActiveCfg = Debug|Any CPU
		{403B47AF-0FAA-4DFC-8DEF-5EAEE2F14E3F}.Ad-Hoc|iPhone.Build.0 = Debug|Any CPU
		{403B47AF-0FAA-4DFC-8DEF-5EAEE2F14E3F}.Ad-Hoc|iPhoneSimulator.ActiveCfg = Debug|Any CPU
		{403B47AF-0FAA-4DFC-8DEF-5EAEE2F14E3F}.Ad-Hoc|iPhoneSimulator.Build.0 = Debug|Any CPU
		{403B47AF-0FAA-4DFC-8DEF-5EAEE2F14E3F}.AppStore|Any CPU.ActiveCfg = Debug|Any CPU
		{403B47AF-0FAA-4DFC-8DEF-5EAEE2F14E3F}.AppStore|Any CPU.Build.0 = Debug|Any CPU
		{403B47AF-0FAA-4DFC-8DEF-5EAEE2F14E3F}.AppStore|iPhone.ActiveCfg = Debug|Any CPU
		{403B47AF-0FAA-4DFC-8DEF-5EAEE2F14E3F}.AppStore|iPhone.Build.0 = Debug|Any CPU
		{403B47AF-0FAA-4DFC-8DEF-5EAEE2F14E3F}.AppStore|iPhoneSimulator.ActiveCfg = Debug|Any CPU
		{403B47AF-0FAA-4DFC-8DEF-5EAEE2F14E3F}.AppStore|iPhoneSimulator.Build.0 = Debug|Any CPU
		{403B47AF-0FAA-4DFC-8DEF-5EAEE2F14E3F}.Debug|Any CPU.ActiveCfg = Debug|Any CPU
		{403B47AF-0FAA-4DFC-8DEF-5EAEE2F14E3F}.Debug|Any CPU.Build.0 = Debug|Any CPU
		{403B47AF-0FAA-4DFC-8DEF-5EAEE2F14E3F}.Debug|iPhone.ActiveCfg = Debug|Any CPU
		{403B47AF-0FAA-4DFC-8DEF-5EAEE2F14E3F}.Debug|iPhone.Build.0 = Debug|Any CPU
		{403B47AF-0FAA-4DFC-8DEF-5EAEE2F14E3F}.Debug|iPhoneSimulator.ActiveCfg = Debug|Any CPU
		{403B47AF-0FAA-4DFC-8DEF-5EAEE2F14E3F}.Debug|iPhoneSimulator.Build.0 = Debug|Any CPU
		{403B47AF-0FAA-4DFC-8DEF-5EAEE2F14E3F}.Release|Any CPU.ActiveCfg = Release|Any CPU
		{403B47AF-0FAA-4DFC-8DEF-5EAEE2F14E3F}.Release|Any CPU.Build.0 = Release|Any CPU
		{403B47AF-0FAA-4DFC-8DEF-5EAEE2F14E3F}.Release|iPhone.ActiveCfg = Release|Any CPU
		{403B47AF-0FAA-4DFC-8DEF-5EAEE2F14E3F}.Release|iPhone.Build.0 = Release|Any CPU
		{403B47AF-0FAA-4DFC-8DEF-5EAEE2F14E3F}.Release|iPhoneSimulator.ActiveCfg = Release|Any CPU
		{403B47AF-0FAA-4DFC-8DEF-5EAEE2F14E3F}.Release|iPhoneSimulator.Build.0 = Release|Any CPU
	EndGlobalSection
	GlobalSection(SolutionProperties) = preSolution
		HideSolutionNode = FALSE
	EndGlobalSection
	GlobalSection(ExtensibilityGlobals) = postSolution
		SolutionGuid = {7CAB6166-A3EA-4DB1-9A04-488E149668E9}
	EndGlobalSection
EndGlobal
